// !$*UTF8*$!
{
	archiveVersion = 1;
	classes = {
	};
	objectVersion = 46;
	objects = {

/* Begin PBXBuildFile section */
		1D3623260D0F684500981E51 /* iCouchSurfAppDelegate.m in Sources */ = {isa = PBXBuildFile; fileRef = 1D3623250D0F684500981E51 /* iCouchSurfAppDelegate.m */; };
		1D60589B0D05DD56006BFB54 /* main.m in Sources */ = {isa = PBXBuildFile; fileRef = 29B97316FDCFA39411CA2CEA /* main.m */; };
		1D60589F0D05DD5A006BFB54 /* Foundation.framework in Frameworks */ = {isa = PBXBuildFile; fileRef = 1D30AB110D05D00D00671497 /* Foundation.framework */; };
		1DF5F4E00D08C38300B7A737 /* UIKit.framework in Frameworks */ = {isa = PBXBuildFile; fileRef = 1DF5F4DF0D08C38300B7A737 /* UIKit.framework */; };
		28216C970DB411BC00E5133A /* FirstViewController.m in Sources */ = {isa = PBXBuildFile; fileRef = 28216C960DB411BC00E5133A /* FirstViewController.m */; };
		288765080DF74369002DB57D /* CoreGraphics.framework in Frameworks */ = {isa = PBXBuildFile; fileRef = 288765070DF74369002DB57D /* CoreGraphics.framework */; };
		28AD73880D9D96C1002E5188 /* MainWindow.xib in Resources */ = {isa = PBXBuildFile; fileRef = 28AD73870D9D96C1002E5188 /* MainWindow.xib */; };
		480064370ECDD03C004FB9FD /* Entitlements.plist in Resources */ = {isa = PBXBuildFile; fileRef = 480064360ECDD03C004FB9FD /* Entitlements.plist */; };
		4820697D0EB40E2500797DD6 /* CSLoginViewController.m in Sources */ = {isa = PBXBuildFile; fileRef = 4820697C0EB40E2500797DD6 /* CSLoginViewController.m */; };
		485534450EBE8C4500A2DA68 /* MainBackground.png in Resources */ = {isa = PBXBuildFile; fileRef = 485534440EBE8C4500A2DA68 /* MainBackground.png */; };
		485537640EBEBA7D00A2DA68 /* MessagesView.xib in Resources */ = {isa = PBXBuildFile; fileRef = 485537630EBEBA7D00A2DA68 /* MessagesView.xib */; };
		4897601D0EB3367C00FF5505 /* CSMember.m in Sources */ = {isa = PBXBuildFile; fileRef = 4897601C0EB3367C00FF5505 /* CSMember.m */; };
		489760200EB33E8200FF5505 /* CSLocation.m in Sources */ = {isa = PBXBuildFile; fileRef = 4897601F0EB33E8200FF5505 /* CSLocation.m */; };
		489760230EB33F0E00FF5505 /* CSLanguageItem.m in Sources */ = {isa = PBXBuildFile; fileRef = 489760220EB33F0E00FF5505 /* CSLanguageItem.m */; };
		489760260EB33F5B00FF5505 /* CSGroup.m in Sources */ = {isa = PBXBuildFile; fileRef = 489760250EB33F5B00FF5505 /* CSGroup.m */; };
		489760290EB33F6C00FF5505 /* CSMessage.m in Sources */ = {isa = PBXBuildFile; fileRef = 489760280EB33F6C00FF5505 /* CSMessage.m */; };
		4897602C0EB33F8500FF5505 /* CSEvent.m in Sources */ = {isa = PBXBuildFile; fileRef = 4897602B0EB33F8500FF5505 /* CSEvent.m */; };
		489760320EB33FFE00FF5505 /* CSConnection.m in Sources */ = {isa = PBXBuildFile; fileRef = 489760310EB33FFE00FF5505 /* CSConnection.m */; };
		489760350EB3411B00FF5505 /* CSReference.m in Sources */ = {isa = PBXBuildFile; fileRef = 489760340EB3411B00FF5505 /* CSReference.m */; };
		489760380EB3412E00FF5505 /* CSMemberCouchInfo.m in Sources */ = {isa = PBXBuildFile; fileRef = 489760370EB3412E00FF5505 /* CSMemberCouchInfo.m */; };
		4897603B0EB3413D00FF5505 /* CSMemberPersonalInfo.m in Sources */ = {isa = PBXBuildFile; fileRef = 4897603A0EB3413D00FF5505 /* CSMemberPersonalInfo.m */; };
		489760890EB3445700FF5505 /* CSMessagesViewController.m in Sources */ = {isa = PBXBuildFile; fileRef = 489760880EB3445700FF5505 /* CSMessagesViewController.m */; };
		4897608C0EB3446B00FF5505 /* CSGroupsViewController.m in Sources */ = {isa = PBXBuildFile; fileRef = 4897608B0EB3446B00FF5505 /* CSGroupsViewController.m */; };
		4897608F0EB3449A00FF5505 /* CSGroupViewController.m in Sources */ = {isa = PBXBuildFile; fileRef = 4897608E0EB3449A00FF5505 /* CSGroupViewController.m */; };
		489760940EB344B000FF5505 /* CSMessageViewController.m in Sources */ = {isa = PBXBuildFile; fileRef = 489760930EB344B000FF5505 /* CSMessageViewController.m */; };
		489760970EB344DB00FF5505 /* CSEventsViewController.m in Sources */ = {isa = PBXBuildFile; fileRef = 489760960EB344DB00FF5505 /* CSEventsViewController.m */; };
		4897609C0EB344E900FF5505 /* CSEventViewController.m in Sources */ = {isa = PBXBuildFile; fileRef = 4897609B0EB344E900FF5505 /* CSEventViewController.m */; };
		4897609F0EB3450700FF5505 /* CSProfileViewController.m in Sources */ = {isa = PBXBuildFile; fileRef = 4897609E0EB3450700FF5505 /* CSProfileViewController.m */; };
		489760A20EB3451F00FF5505 /* CSCouchSearchViewController.m in Sources */ = {isa = PBXBuildFile; fileRef = 489760A10EB3451F00FF5505 /* CSCouchSearchViewController.m */; };
		489760A50EB3452F00FF5505 /* CSCouchSearchResultsViewController.m in Sources */ = {isa = PBXBuildFile; fileRef = 489760A40EB3452F00FF5505 /* CSCouchSearchResultsViewController.m */; };
		489760A80EB3455D00FF5505 /* CSFriendsViewController.m in Sources */ = {isa = PBXBuildFile; fileRef = 489760A70EB3455D00FF5505 /* CSFriendsViewController.m */; };
		489760AB0EB3456A00FF5505 /* CSReferencesViewController.m in Sources */ = {isa = PBXBuildFile; fileRef = 489760AA0EB3456A00FF5505 /* CSReferencesViewController.m */; };
		489760AE0EB3465200FF5505 /* CSHomeViewController.m in Sources */ = {isa = PBXBuildFile; fileRef = 489760AD0EB3465200FF5505 /* CSHomeViewController.m */; };
		48F541AE0EBF844B0048C6AE /* CSMessageTableViewCell.m in Sources */ = {isa = PBXBuildFile; fileRef = 48F541AD0EBF844B0048C6AE /* CSMessageTableViewCell.m */; };
/* End PBXBuildFile section */

/* Begin PBXFileReference section */
		1D30AB110D05D00D00671497 /* Foundation.framework */ = {isa = PBXFileReference; lastKnownFileType = wrapper.framework; name = Foundation.framework; path = System/Library/Frameworks/Foundation.framework; sourceTree = SDKROOT; };
		1D3623240D0F684500981E51 /* iCouchSurfAppDelegate.h */ = {isa = PBXFileReference; fileEncoding = 4; lastKnownFileType = sourcecode.c.h; path = iCouchSurfAppDelegate.h; sourceTree = "<group>"; };
		1D3623250D0F684500981E51 /* iCouchSurfAppDelegate.m */ = {isa = PBXFileReference; fileEncoding = 4; lastKnownFileType = sourcecode.c.objc; path = iCouchSurfAppDelegate.m; sourceTree = "<group>"; };
		1D6058910D05DD3D006BFB54 /* iCouchSurf.app */ = {isa = PBXFileReference; explicitFileType = wrapper.application; includeInIndex = 0; path = iCouchSurf.app; sourceTree = BUILT_PRODUCTS_DIR; };
		1DF5F4DF0D08C38300B7A737 /* UIKit.framework */ = {isa = PBXFileReference; lastKnownFileType = wrapper.framework; name = UIKit.framework; path = System/Library/Frameworks/UIKit.framework; sourceTree = SDKROOT; };
		28216C950DB411BC00E5133A /* FirstViewController.h */ = {isa = PBXFileReference; fileEncoding = 4; lastKnownFileType = sourcecode.c.h; path = FirstViewController.h; sourceTree = "<group>"; };
		28216C960DB411BC00E5133A /* FirstViewController.m */ = {isa = PBXFileReference; fileEncoding = 4; lastKnownFileType = sourcecode.c.objc; path = FirstViewController.m; sourceTree = "<group>"; };
		288765070DF74369002DB57D /* CoreGraphics.framework */ = {isa = PBXFileReference; lastKnownFileType = wrapper.framework; name = CoreGraphics.framework; path = System/Library/Frameworks/CoreGraphics.framework; sourceTree = SDKROOT; };
		28A0AB4B0D9B1048005BE974 /* iCouchSurf_Prefix.pch */ = {isa = PBXFileReference; fileEncoding = 4; lastKnownFileType = sourcecode.c.h; path = iCouchSurf_Prefix.pch; sourceTree = "<group>"; };
		28AD73870D9D96C1002E5188 /* MainWindow.xib */ = {isa = PBXFileReference; lastKnownFileType = file.xib; path = MainWindow.xib; sourceTree = "<group>"; };
		29B97316FDCFA39411CA2CEA /* main.m */ = {isa = PBXFileReference; fileEncoding = 4; lastKnownFileType = sourcecode.c.objc; path = main.m; sourceTree = "<group>"; };
		480064360ECDD03C004FB9FD /* Entitlements.plist */ = {isa = PBXFileReference; fileEncoding = 4; lastKnownFileType = text.plist.xml; path = Entitlements.plist; sourceTree = "<group>"; };
		4820697B0EB40E2500797DD6 /* CSLoginViewController.h */ = {isa = PBXFileReference; fileEncoding = 4; lastKnownFileType = sourcecode.c.h; path = CSLoginViewController.h; sourceTree = "<group>"; };
		4820697C0EB40E2500797DD6 /* CSLoginViewController.m */ = {isa = PBXFileReference; fileEncoding = 4; lastKnownFileType = sourcecode.c.objc; path = CSLoginViewController.m; sourceTree = "<group>"; };
		485534440EBE8C4500A2DA68 /* MainBackground.png */ = {isa = PBXFileReference; lastKnownFileType = image.png; path = MainBackground.png; sourceTree = "<group>"; };
		485537630EBEBA7D00A2DA68 /* MessagesView.xib */ = {isa = PBXFileReference; lastKnownFileType = file.xib; path = MessagesView.xib; sourceTree = "<group>"; };
		4897601B0EB3367C00FF5505 /* CSMember.h */ = {isa = PBXFileReference; fileEncoding = 4; lastKnownFileType = sourcecode.c.h; path = CSMember.h; sourceTree = "<group>"; };
		4897601C0EB3367C00FF5505 /* CSMember.m */ = {isa = PBXFileReference; fileEncoding = 4; lastKnownFileType = sourcecode.c.objc; path = CSMember.m; sourceTree = "<group>"; };
		4897601E0EB33E8200FF5505 /* CSLocation.h */ = {isa = PBXFileReference; fileEncoding = 4; lastKnownFileType = sourcecode.c.h; path = CSLocation.h; sourceTree = "<group>"; };
		4897601F0EB33E8200FF5505 /* CSLocation.m */ = {isa = PBXFileReference; fileEncoding = 4; lastKnownFileType = sourcecode.c.objc; path = CSLocation.m; sourceTree = "<group>"; };
		489760210EB33F0E00FF5505 /* CSLanguageItem.h */ = {isa = PBXFileReference; fileEncoding = 4; lastKnownFileType = sourcecode.c.h; path = CSLanguageItem.h; sourceTree = "<group>"; };
		489760220EB33F0E00FF5505 /* CSLanguageItem.m */ = {isa = PBXFileReference; fileEncoding = 4; lastKnownFileType = sourcecode.c.objc; path = CSLanguageItem.m; sourceTree = "<group>"; };
		489760240EB33F5B00FF5505 /* CSGroup.h */ = {isa = PBXFileReference; fileEncoding = 4; lastKnownFileType = sourcecode.c.h; path = CSGroup.h; sourceTree = "<group>"; };
		489760250EB33F5B00FF5505 /* CSGroup.m */ = {isa = PBXFileReference; fileEncoding = 4; lastKnownFileType = sourcecode.c.objc; path = CSGroup.m; sourceTree = "<group>"; };
		489760270EB33F6C00FF5505 /* CSMessage.h */ = {isa = PBXFileReference; fileEncoding = 4; lastKnownFileType = sourcecode.c.h; path = CSMessage.h; sourceTree = "<group>"; };
		489760280EB33F6C00FF5505 /* CSMessage.m */ = {isa = PBXFileReference; fileEncoding = 4; lastKnownFileType = sourcecode.c.objc; path = CSMessage.m; sourceTree = "<group>"; };
		4897602A0EB33F8500FF5505 /* CSEvent.h */ = {isa = PBXFileReference; fileEncoding = 4; lastKnownFileType = sourcecode.c.h; path = CSEvent.h; sourceTree = "<group>"; };
		4897602B0EB33F8500FF5505 /* CSEvent.m */ = {isa = PBXFileReference; fileEncoding = 4; lastKnownFileType = sourcecode.c.objc; path = CSEvent.m; sourceTree = "<group>"; };
		489760300EB33FFE00FF5505 /* CSConnection.h */ = {isa = PBXFileReference; fileEncoding = 4; lastKnownFileType = sourcecode.c.h; path = CSConnection.h; sourceTree = "<group>"; };
		489760310EB33FFE00FF5505 /* CSConnection.m */ = {isa = PBXFileReference; fileEncoding = 4; lastKnownFileType = sourcecode.c.objc; path = CSConnection.m; sourceTree = "<group>"; };
		489760330EB3411B00FF5505 /* CSReference.h */ = {isa = PBXFileReference; fileEncoding = 4; lastKnownFileType = sourcecode.c.h; path = CSReference.h; sourceTree = "<group>"; };
		489760340EB3411B00FF5505 /* CSReference.m */ = {isa = PBXFileReference; fileEncoding = 4; lastKnownFileType = sourcecode.c.objc; path = CSReference.m; sourceTree = "<group>"; };
		489760360EB3412E00FF5505 /* CSMemberCouchInfo.h */ = {isa = PBXFileReference; fileEncoding = 4; lastKnownFileType = sourcecode.c.h; path = CSMemberCouchInfo.h; sourceTree = "<group>"; };
		489760370EB3412E00FF5505 /* CSMemberCouchInfo.m */ = {isa = PBXFileReference; fileEncoding = 4; lastKnownFileType = sourcecode.c.objc; path = CSMemberCouchInfo.m; sourceTree = "<group>"; };
		489760390EB3413D00FF5505 /* CSMemberPersonalInfo.h */ = {isa = PBXFileReference; fileEncoding = 4; lastKnownFileType = sourcecode.c.h; path = CSMemberPersonalInfo.h; sourceTree = "<group>"; };
		4897603A0EB3413D00FF5505 /* CSMemberPersonalInfo.m */ = {isa = PBXFileReference; fileEncoding = 4; lastKnownFileType = sourcecode.c.objc; path = CSMemberPersonalInfo.m; sourceTree = "<group>"; };
		489760870EB3445700FF5505 /* CSMessagesViewController.h */ = {isa = PBXFileReference; fileEncoding = 4; lastKnownFileType = sourcecode.c.h; path = CSMessagesViewController.h; sourceTree = "<group>"; };
		489760880EB3445700FF5505 /* CSMessagesViewController.m */ = {isa = PBXFileReference; fileEncoding = 4; lastKnownFileType = sourcecode.c.objc; path = CSMessagesViewController.m; sourceTree = "<group>"; };
		4897608A0EB3446B00FF5505 /* CSGroupsViewController.h */ = {isa = PBXFileReference; fileEncoding = 4; lastKnownFileType = sourcecode.c.h; path = CSGroupsViewController.h; sourceTree = "<group>"; };
		4897608B0EB3446B00FF5505 /* CSGroupsViewController.m */ = {isa = PBXFileReference; fileEncoding = 4; lastKnownFileType = sourcecode.c.objc; path = CSGroupsViewController.m; sourceTree = "<group>"; };
		4897608D0EB3449A00FF5505 /* CSGroupViewController.h */ = {isa = PBXFileReference; fileEncoding = 4; lastKnownFileType = sourcecode.c.h; path = CSGroupViewController.h; sourceTree = "<group>"; };
		4897608E0EB3449A00FF5505 /* CSGroupViewController.m */ = {isa = PBXFileReference; fileEncoding = 4; lastKnownFileType = sourcecode.c.objc; path = CSGroupViewController.m; sourceTree = "<group>"; };
		489760920EB344B000FF5505 /* CSMessageViewController.h */ = {isa = PBXFileReference; fileEncoding = 4; lastKnownFileType = sourcecode.c.h; path = CSMessageViewController.h; sourceTree = "<group>"; };
		489760930EB344B000FF5505 /* CSMessageViewController.m */ = {isa = PBXFileReference; fileEncoding = 4; lastKnownFileType = sourcecode.c.objc; path = CSMessageViewController.m; sourceTree = "<group>"; };
		489760950EB344DB00FF5505 /* CSEventsViewController.h */ = {isa = PBXFileReference; fileEncoding = 4; lastKnownFileType = sourcecode.c.h; path = CSEventsViewController.h; sourceTree = "<group>"; };
		489760960EB344DB00FF5505 /* CSEventsViewController.m */ = {isa = PBXFileReference; fileEncoding = 4; lastKnownFileType = sourcecode.c.objc; path = CSEventsViewController.m; sourceTree = "<group>"; };
		4897609A0EB344E900FF5505 /* CSEventViewController.h */ = {isa = PBXFileReference; fileEncoding = 4; lastKnownFileType = sourcecode.c.h; path = CSEventViewController.h; sourceTree = "<group>"; };
		4897609B0EB344E900FF5505 /* CSEventViewController.m */ = {isa = PBXFileReference; fileEncoding = 4; lastKnownFileType = sourcecode.c.objc; path = CSEventViewController.m; sourceTree = "<group>"; };
		4897609D0EB3450700FF5505 /* CSProfileViewController.h */ = {isa = PBXFileReference; fileEncoding = 4; lastKnownFileType = sourcecode.c.h; path = CSProfileViewController.h; sourceTree = "<group>"; };
		4897609E0EB3450700FF5505 /* CSProfileViewController.m */ = {isa = PBXFileReference; fileEncoding = 4; lastKnownFileType = sourcecode.c.objc; path = CSProfileViewController.m; sourceTree = "<group>"; };
		489760A00EB3451F00FF5505 /* CSCouchSearchViewController.h */ = {isa = PBXFileReference; fileEncoding = 4; lastKnownFileType = sourcecode.c.h; path = CSCouchSearchViewController.h; sourceTree = "<group>"; };
		489760A10EB3451F00FF5505 /* CSCouchSearchViewController.m */ = {isa = PBXFileReference; fileEncoding = 4; lastKnownFileType = sourcecode.c.objc; path = CSCouchSearchViewController.m; sourceTree = "<group>"; };
		489760A30EB3452F00FF5505 /* CSCouchSearchResultsViewController.h */ = {isa = PBXFileReference; fileEncoding = 4; lastKnownFileType = sourcecode.c.h; path = CSCouchSearchResultsViewController.h; sourceTree = "<group>"; };
		489760A40EB3452F00FF5505 /* CSCouchSearchResultsViewController.m */ = {isa = PBXFileReference; fileEncoding = 4; lastKnownFileType = sourcecode.c.objc; path = CSCouchSearchResultsViewController.m; sourceTree = "<group>"; };
		489760A60EB3455D00FF5505 /* CSFriendsViewController.h */ = {isa = PBXFileReference; fileEncoding = 4; lastKnownFileType = sourcecode.c.h; path = CSFriendsViewController.h; sourceTree = "<group>"; };
		489760A70EB3455D00FF5505 /* CSFriendsViewController.m */ = {isa = PBXFileReference; fileEncoding = 4; lastKnownFileType = sourcecode.c.objc; path = CSFriendsViewController.m; sourceTree = "<group>"; };
		489760A90EB3456A00FF5505 /* CSReferencesViewController.h */ = {isa = PBXFileReference; fileEncoding = 4; lastKnownFileType = sourcecode.c.h; path = CSReferencesViewController.h; sourceTree = "<group>"; };
		489760AA0EB3456A00FF5505 /* CSReferencesViewController.m */ = {isa = PBXFileReference; fileEncoding = 4; lastKnownFileType = sourcecode.c.objc; path = CSReferencesViewController.m; sourceTree = "<group>"; };
		489760AC0EB3465200FF5505 /* CSHomeViewController.h */ = {isa = PBXFileReference; fileEncoding = 4; lastKnownFileType = sourcecode.c.h; path = CSHomeViewController.h; sourceTree = "<group>"; };
		489760AD0EB3465200FF5505 /* CSHomeViewController.m */ = {isa = PBXFileReference; fileEncoding = 4; lastKnownFileType = sourcecode.c.objc; path = CSHomeViewController.m; sourceTree = "<group>"; };
		48F541AC0EBF844B0048C6AE /* CSMessageTableViewCell.h */ = {isa = PBXFileReference; fileEncoding = 4; lastKnownFileType = sourcecode.c.h; path = CSMessageTableViewCell.h; sourceTree = "<group>"; };
		48F541AD0EBF844B0048C6AE /* CSMessageTableViewCell.m */ = {isa = PBXFileReference; fileEncoding = 4; lastKnownFileType = sourcecode.c.objc; path = CSMessageTableViewCell.m; sourceTree = "<group>"; };
		8D1107310486CEB800E47090 /* Info.plist */ = {isa = PBXFileReference; fileEncoding = 4; lastKnownFileType = text.plist.xml; path = Info.plist; sourceTree = "<group>"; };
/* End PBXFileReference section */

/* Begin PBXFrameworksBuildPhase section */
		1D60588F0D05DD3D006BFB54 /* Frameworks */ = {
			isa = PBXFrameworksBuildPhase;
			buildActionMask = 2147483647;
			files = (
				1D60589F0D05DD5A006BFB54 /* Foundation.framework in Frameworks */,
				1DF5F4E00D08C38300B7A737 /* UIKit.framework in Frameworks */,
				288765080DF74369002DB57D /* CoreGraphics.framework in Frameworks */,
			);
			runOnlyForDeploymentPostprocessing = 0;
		};
/* End PBXFrameworksBuildPhase section */

/* Begin PBXGroup section */
		080E96DDFE201D6D7F000001 /* Classes */ = {
			isa = PBXGroup;
			children = (
				48F541AB0EBF842F0048C6AE /* Views */,
				28216C950DB411BC00E5133A /* FirstViewController.h */,
				28216C960DB411BC00E5133A /* FirstViewController.m */,
				1D3623240D0F684500981E51 /* iCouchSurfAppDelegate.h */,
				1D3623250D0F684500981E51 /* iCouchSurfAppDelegate.m */,
				4855362B0EBE9A6800A2DA68 /* Controllers */,
				4897603D0EB341DC00FF5505 /* Entity */,
			);
			path = Classes;
			sourceTree = "<group>";
		};
		19C28FACFE9D520D11CA2CBB /* Products */ = {
			isa = PBXGroup;
			children = (
				1D6058910D05DD3D006BFB54 /* iCouchSurf.app */,
				480064360ECDD03C004FB9FD /* Entitlements.plist */,
			);
			name = Products;
			sourceTree = "<group>";
		};
		29B97314FDCFA39411CA2CEA /* iCouchSurf */ = {
			isa = PBXGroup;
			children = (
				080E96DDFE201D6D7F000001 /* Classes */,
				29B97315FDCFA39411CA2CEA /* Other Sources */,
				29B97317FDCFA39411CA2CEA /* Resources */,
				29B97323FDCFA39411CA2CEA /* Frameworks */,
				19C28FACFE9D520D11CA2CBB /* Products */,
			);
			name = iCouchSurf;
			sourceTree = "<group>";
		};
		29B97315FDCFA39411CA2CEA /* Other Sources */ = {
			isa = PBXGroup;
			children = (
				28A0AB4B0D9B1048005BE974 /* iCouchSurf_Prefix.pch */,
				29B97316FDCFA39411CA2CEA /* main.m */,
			);
			name = "Other Sources";
			sourceTree = "<group>";
		};
		29B97317FDCFA39411CA2CEA /* Resources */ = {
			isa = PBXGroup;
			children = (
				485534440EBE8C4500A2DA68 /* MainBackground.png */,
				28AD73870D9D96C1002E5188 /* MainWindow.xib */,
				8D1107310486CEB800E47090 /* Info.plist */,
				485537630EBEBA7D00A2DA68 /* MessagesView.xib */,
			);
			name = Resources;
			sourceTree = "<group>";
		};
		29B97323FDCFA39411CA2CEA /* Frameworks */ = {
			isa = PBXGroup;
			children = (
				1DF5F4DF0D08C38300B7A737 /* UIKit.framework */,
				1D30AB110D05D00D00671497 /* Foundation.framework */,
				288765070DF74369002DB57D /* CoreGraphics.framework */,
			);
			name = Frameworks;
			sourceTree = "<group>";
		};
		4855362B0EBE9A6800A2DA68 /* Controllers */ = {
			isa = PBXGroup;
			children = (
				4897609A0EB344E900FF5505 /* CSEventViewController.h */,
				4897609B0EB344E900FF5505 /* CSEventViewController.m */,
				4820697B0EB40E2500797DD6 /* CSLoginViewController.h */,
				4820697C0EB40E2500797DD6 /* CSLoginViewController.m */,
				489760870EB3445700FF5505 /* CSMessagesViewController.h */,
				489760880EB3445700FF5505 /* CSMessagesViewController.m */,
				4897608A0EB3446B00FF5505 /* CSGroupsViewController.h */,
				4897608B0EB3446B00FF5505 /* CSGroupsViewController.m */,
				4897608D0EB3449A00FF5505 /* CSGroupViewController.h */,
				4897608E0EB3449A00FF5505 /* CSGroupViewController.m */,
				489760920EB344B000FF5505 /* CSMessageViewController.h */,
				489760930EB344B000FF5505 /* CSMessageViewController.m */,
				489760950EB344DB00FF5505 /* CSEventsViewController.h */,
				489760960EB344DB00FF5505 /* CSEventsViewController.m */,
				4897609D0EB3450700FF5505 /* CSProfileViewController.h */,
				4897609E0EB3450700FF5505 /* CSProfileViewController.m */,
				489760A00EB3451F00FF5505 /* CSCouchSearchViewController.h */,
				489760A10EB3451F00FF5505 /* CSCouchSearchViewController.m */,
				489760A30EB3452F00FF5505 /* CSCouchSearchResultsViewController.h */,
				489760A40EB3452F00FF5505 /* CSCouchSearchResultsViewController.m */,
				489760A60EB3455D00FF5505 /* CSFriendsViewController.h */,
				489760A70EB3455D00FF5505 /* CSFriendsViewController.m */,
				489760A90EB3456A00FF5505 /* CSReferencesViewController.h */,
				489760AA0EB3456A00FF5505 /* CSReferencesViewController.m */,
				489760AC0EB3465200FF5505 /* CSHomeViewController.h */,
				489760AD0EB3465200FF5505 /* CSHomeViewController.m */,
			);
			name = Controllers;
			sourceTree = "<group>";
		};
		4897603D0EB341DC00FF5505 /* Entity */ = {
			isa = PBXGroup;
			children = (
				4897601B0EB3367C00FF5505 /* CSMember.h */,
				4897601C0EB3367C00FF5505 /* CSMember.m */,
				4897601E0EB33E8200FF5505 /* CSLocation.h */,
				4897601F0EB33E8200FF5505 /* CSLocation.m */,
				489760210EB33F0E00FF5505 /* CSLanguageItem.h */,
				489760220EB33F0E00FF5505 /* CSLanguageItem.m */,
				489760240EB33F5B00FF5505 /* CSGroup.h */,
				489760250EB33F5B00FF5505 /* CSGroup.m */,
				489760270EB33F6C00FF5505 /* CSMessage.h */,
				489760280EB33F6C00FF5505 /* CSMessage.m */,
				4897602A0EB33F8500FF5505 /* CSEvent.h */,
				4897602B0EB33F8500FF5505 /* CSEvent.m */,
				489760300EB33FFE00FF5505 /* CSConnection.h */,
				489760310EB33FFE00FF5505 /* CSConnection.m */,
				489760330EB3411B00FF5505 /* CSReference.h */,
				489760340EB3411B00FF5505 /* CSReference.m */,
				489760360EB3412E00FF5505 /* CSMemberCouchInfo.h */,
				489760370EB3412E00FF5505 /* CSMemberCouchInfo.m */,
				489760390EB3413D00FF5505 /* CSMemberPersonalInfo.h */,
				4897603A0EB3413D00FF5505 /* CSMemberPersonalInfo.m */,
			);
			name = Entity;
			sourceTree = "<group>";
		};
		48F541AB0EBF842F0048C6AE /* Views */ = {
			isa = PBXGroup;
			children = (
				48F541AC0EBF844B0048C6AE /* CSMessageTableViewCell.h */,
				48F541AD0EBF844B0048C6AE /* CSMessageTableViewCell.m */,
			);
			name = Views;
			sourceTree = "<group>";
		};
/* End PBXGroup section */

/* Begin PBXNativeTarget section */
		1D6058900D05DD3D006BFB54 /* iCouchSurf */ = {
			isa = PBXNativeTarget;
			buildConfigurationList = 1D6058960D05DD3E006BFB54 /* Build configuration list for PBXNativeTarget "iCouchSurf" */;
			buildPhases = (
				1D60588D0D05DD3D006BFB54 /* Resources */,
				1D60588E0D05DD3D006BFB54 /* Sources */,
				1D60588F0D05DD3D006BFB54 /* Frameworks */,
			);
			buildRules = (
			);
			dependencies = (
			);
			name = iCouchSurf;
			productName = iCouchSurf;
			productReference = 1D6058910D05DD3D006BFB54 /* iCouchSurf.app */;
			productType = "com.apple.product-type.application";
		};
/* End PBXNativeTarget section */

/* Begin PBXProject section */
		29B97313FDCFA39411CA2CEA /* Project object */ = {
			isa = PBXProject;
			buildConfigurationList = C01FCF4E08A954540054247B /* Build configuration list for PBXProject "iCouchSurf" */;
			compatibilityVersion = "Xcode 3.2";
			developmentRegion = English;
			hasScannedForEncodings = 1;
			knownRegions = (
				English,
				Japanese,
				French,
				German,
			);
			mainGroup = 29B97314FDCFA39411CA2CEA /* iCouchSurf */;
			projectDirPath = "";
			projectRoot = "";
			targets = (
				1D6058900D05DD3D006BFB54 /* iCouchSurf */,
			);
		};
/* End PBXProject section */

/* Begin PBXResourcesBuildPhase section */
		1D60588D0D05DD3D006BFB54 /* Resources */ = {
			isa = PBXResourcesBuildPhase;
			buildActionMask = 2147483647;
			files = (
				28AD73880D9D96C1002E5188 /* MainWindow.xib in Resources */,
				485534450EBE8C4500A2DA68 /* MainBackground.png in Resources */,
				485537640EBEBA7D00A2DA68 /* MessagesView.xib in Resources */,
				480064370ECDD03C004FB9FD /* Entitlements.plist in Resources */,
			);
			runOnlyForDeploymentPostprocessing = 0;
		};
/* End PBXResourcesBuildPhase section */

/* Begin PBXSourcesBuildPhase section */
		1D60588E0D05DD3D006BFB54 /* Sources */ = {
			isa = PBXSourcesBuildPhase;
			buildActionMask = 2147483647;
			files = (
				1D60589B0D05DD56006BFB54 /* main.m in Sources */,
				1D3623260D0F684500981E51 /* iCouchSurfAppDelegate.m in Sources */,
				28216C970DB411BC00E5133A /* FirstViewController.m in Sources */,
				4897601D0EB3367C00FF5505 /* CSMember.m in Sources */,
				489760200EB33E8200FF5505 /* CSLocation.m in Sources */,
				489760230EB33F0E00FF5505 /* CSLanguageItem.m in Sources */,
				489760260EB33F5B00FF5505 /* CSGroup.m in Sources */,
				489760290EB33F6C00FF5505 /* CSMessage.m in Sources */,
				4897602C0EB33F8500FF5505 /* CSEvent.m in Sources */,
				489760320EB33FFE00FF5505 /* CSConnection.m in Sources */,
				489760350EB3411B00FF5505 /* CSReference.m in Sources */,
				489760380EB3412E00FF5505 /* CSMemberCouchInfo.m in Sources */,
				4897603B0EB3413D00FF5505 /* CSMemberPersonalInfo.m in Sources */,
				489760890EB3445700FF5505 /* CSMessagesViewController.m in Sources */,
				4897608C0EB3446B00FF5505 /* CSGroupsViewController.m in Sources */,
				4897608F0EB3449A00FF5505 /* CSGroupViewController.m in Sources */,
				489760940EB344B000FF5505 /* CSMessageViewController.m in Sources */,
				489760970EB344DB00FF5505 /* CSEventsViewController.m in Sources */,
				4897609C0EB344E900FF5505 /* CSEventViewController.m in Sources */,
				4897609F0EB3450700FF5505 /* CSProfileViewController.m in Sources */,
				489760A20EB3451F00FF5505 /* CSCouchSearchViewController.m in Sources */,
				489760A50EB3452F00FF5505 /* CSCouchSearchResultsViewController.m in Sources */,
				489760A80EB3455D00FF5505 /* CSFriendsViewController.m in Sources */,
				489760AB0EB3456A00FF5505 /* CSReferencesViewController.m in Sources */,
				489760AE0EB3465200FF5505 /* CSHomeViewController.m in Sources */,
				4820697D0EB40E2500797DD6 /* CSLoginViewController.m in Sources */,
				48F541AE0EBF844B0048C6AE /* CSMessageTableViewCell.m in Sources */,
			);
			runOnlyForDeploymentPostprocessing = 0;
		};
/* End PBXSourcesBuildPhase section */

/* Begin XCBuildConfiguration section */
		1D6058940D05DD3E006BFB54 /* Debug */ = {
			isa = XCBuildConfiguration;
			buildSettings = {
				ALWAYS_SEARCH_USER_PATHS = NO;
				COPY_PHASE_STRIP = NO;
				GCC_DYNAMIC_NO_PIC = NO;
				GCC_OPTIMIZATION_LEVEL = 0;
				GCC_PRECOMPILE_PREFIX_HEADER = YES;
				GCC_PREFIX_HEADER = iCouchSurf_Prefix.pch;
				INFOPLIST_FILE = Info.plist;
				PRODUCT_NAME = iCouchSurf;
			};
			name = Debug;
		};
		1D6058950D05DD3E006BFB54 /* Release */ = {
			isa = XCBuildConfiguration;
			buildSettings = {
				ALWAYS_SEARCH_USER_PATHS = NO;
				CODE_SIGN_ENTITLEMENTS = Entitlements.plist;
				"CODE_SIGN_IDENTITY[sdk=iphoneos*]" = "iPhone Distribution: Helder da Rocha";
				COPY_PHASE_STRIP = YES;
				GCC_PRECOMPILE_PREFIX_HEADER = YES;
				GCC_PREFIX_HEADER = iCouchSurf_Prefix.pch;
				INFOPLIST_FILE = Info.plist;
				PRODUCT_NAME = iCouchSurf;
				"PROVISIONING_PROFILE[sdk=iphoneos*]" = DefaultProfileUuid;
			};
			name = Release;
		};
		483D8C170ECDCA45007E9B07 /* Distribution */ = {
			isa = XCBuildConfiguration;
			buildSettings = {
				ARCHS = "$(ARCHS_STANDARD_32_BIT)";
				CODE_SIGN_ENTITLEMENTS = Entitlements.plist;
				"CODE_SIGN_IDENTITY[sdk=iphoneos*]" = "iPhone Distribution";
				GCC_C_LANGUAGE_STANDARD = c99;
				GCC_WARN_ABOUT_RETURN_TYPE = YES;
				GCC_WARN_UNUSED_VARIABLE = YES;
				PREBINDING = NO;
				"PROVISIONING_PROFILE[sdk=iphoneos*]" = "B6435C81-4428-40E8-A46F-2C99DF43E8AD";
				SDKROOT = iphoneos4.2;
			};
			name = Distribution;
		};
		483D8C180ECDCA45007E9B07 /* Distribution */ = {
			isa = XCBuildConfiguration;
			buildSettings = {
				ALWAYS_SEARCH_USER_PATHS = NO;
				CODE_SIGN_ENTITLEMENTS = Entitlements.plist;
				COPY_PHASE_STRIP = YES;
				GCC_PRECOMPILE_PREFIX_HEADER = YES;
				GCC_PREFIX_HEADER = iCouchSurf_Prefix.pch;
				INFOPLIST_FILE = Info.plist;
				PRODUCT_NAME = iCouchSurf;
			};
			name = Distribution;
		};
		C01FCF4F08A954540054247B /* Debug */ = {
			isa = XCBuildConfiguration;
			buildSettings = {
				ARCHS = "$(ARCHS_STANDARD_32_BIT)";
				"CODE_SIGN_IDENTITY[sdk=iphoneos*]" = "iPhone Developer";
				GCC_C_LANGUAGE_STANDARD = c99;
				GCC_WARN_ABOUT_RETURN_TYPE = YES;
				GCC_WARN_UNUSED_VARIABLE = YES;
				ONLY_ACTIVE_ARCH = YES;
				PREBINDING = NO;
				"PROVISIONING_PROFILE[sdk=iphoneos*]" = "E087BA41-C4AB-4368-AE1B-6B1D87A01FD7";
				SDKROOT = iphoneos4.2;
			};
			name = Debug;
		};
		C01FCF5008A954540054247B /* Release */ = {
			isa = XCBuildConfiguration;
			buildSettings = {
				ARCHS = "$(ARCHS_STANDARD_32_BIT)";
				CODE_SIGN_ENTITLEMENTS = Entitlements.plist;
				"CODE_SIGN_IDENTITY[sdk=iphoneos*]" = "iPhone Distribution: Helder da Rocha";
				GCC_C_LANGUAGE_STANDARD = c99;
				GCC_WARN_ABOUT_RETURN_TYPE = YES;
				GCC_WARN_UNUSED_VARIABLE = YES;
				PREBINDING = NO;
				"PROVISIONING_PROFILE[sdk=iphoneos*]" = DefaultProfileUuid;
				SDKROOT = iphoneos4.2;
			};
			name = Release;
		};
/* End XCBuildConfiguration section */

/* Begin XCConfigurationList section */
		1D6058960D05DD3E006BFB54 /* Build configuration list for PBXNativeTarget "iCouchSurf" */ = {
			isa = XCConfigurationList;
			buildConfigurations = (
				1D6058940D05DD3E006BFB54 /* Debug */,
				1D6058950D05DD3E006BFB54 /* Release */,
				483D8C180ECDCA45007E9B07 /* Distribution */,
			);
			defaultConfigurationIsVisible = 0;
			defaultConfigurationName = Debug;
		};
		C01FCF4E08A954540054247B /* Build configuration list for PBXProject "iCouchSurf" */ = {
			isa = XCConfigurationList;
			buildConfigurations = (
				C01FCF4F08A954540054247B /* Debug */,
				C01FCF5008A954540054247B /* Release */,
				483D8C170ECDCA45007E9B07 /* Distribution */,
			);
			defaultConfigurationIsVisible = 0;
			defaultConfigurationName = Debug;
		};
/* End XCConfigurationList section */
	};
	rootObject = 29B97313FDCFA39411CA2CEA /* Project object */;
}
